// !$*UTF8*$!
{
	archiveVersion = 1;
	classes = {
	};
	objectVersion = 46;
	objects = {

/* Begin PBXBuildFile section */
		3CB0A33C19A48148001FEA73 /* main.swift in Sources */ = {isa = PBXBuildFile; fileRef = 3CB0A33B19A48148001FEA73 /* main.swift */; };
		3CB0A33E19A48148001FEA73 /* AppDelegate.swift in Sources */ = {isa = PBXBuildFile; fileRef = 3CB0A33D19A48148001FEA73 /* AppDelegate.swift */; };
		3CB0A34019A48148001FEA73 /* Images.xcassets in Resources */ = {isa = PBXBuildFile; fileRef = 3CB0A33F19A48148001FEA73 /* Images.xcassets */; };
		3CB0A34319A48149001FEA73 /* MainMenu.xib in Resources */ = {isa = PBXBuildFile; fileRef = 3CB0A34119A48149001FEA73 /* MainMenu.xib */; };
		3CB0A34F19A48149001FEA73 /* SharingBrowserTests.swift in Sources */ = {isa = PBXBuildFile; fileRef = 3CB0A34E19A48149001FEA73 /* SharingBrowserTests.swift */; };
		3CB0A35919A48251001FEA73 /* SharedPoint.swift in Sources */ = {isa = PBXBuildFile; fileRef = 3CB0A35819A48251001FEA73 /* SharedPoint.swift */; };
		3CB0A35B19A48C2F001FEA73 /* SharedBrowser.swift in Sources */ = {isa = PBXBuildFile; fileRef = 3CB0A35A19A48C2F001FEA73 /* SharedBrowser.swift */; };
/* End PBXBuildFile section */

/* Begin PBXContainerItemProxy section */
		3CB0A34919A48149001FEA73 /* PBXContainerItemProxy */ = {
			isa = PBXContainerItemProxy;
			containerPortal = 3CB0A32E19A48148001FEA73 /* Project object */;
			proxyType = 1;
			remoteGlobalIDString = 3CB0A33519A48148001FEA73;
			remoteInfo = SharingBrowser;
		};
/* End PBXContainerItemProxy section */

/* Begin PBXFileReference section */
		3CB0A33619A48148001FEA73 /* SharingBrowser.app */ = {isa = PBXFileReference; explicitFileType = wrapper.application; includeInIndex = 0; path = SharingBrowser.app; sourceTree = BUILT_PRODUCTS_DIR; };
		3CB0A33A19A48148001FEA73 /* Info.plist */ = {isa = PBXFileReference; lastKnownFileType = text.plist.xml; path = Info.plist; sourceTree = "<group>"; };
		3CB0A33B19A48148001FEA73 /* main.swift */ = {isa = PBXFileReference; lastKnownFileType = sourcecode.swift; path = main.swift; sourceTree = "<group>"; };
		3CB0A33D19A48148001FEA73 /* AppDelegate.swift */ = {isa = PBXFileReference; lastKnownFileType = sourcecode.swift; path = AppDelegate.swift; sourceTree = "<group>"; };
		3CB0A33F19A48148001FEA73 /* Images.xcassets */ = {isa = PBXFileReference; lastKnownFileType = folder.assetcatalog; path = Images.xcassets; sourceTree = "<group>"; };
		3CB0A34219A48149001FEA73 /* Base */ = {isa = PBXFileReference; lastKnownFileType = file.xib; name = Base; path = Base.lproj/MainMenu.xib; sourceTree = "<group>"; };
		3CB0A34819A48149001FEA73 /* SharingBrowserTests.xctest */ = {isa = PBXFileReference; explicitFileType = wrapper.cfbundle; includeInIndex = 0; path = SharingBrowserTests.xctest; sourceTree = BUILT_PRODUCTS_DIR; };
		3CB0A34D19A48149001FEA73 /* Info.plist */ = {isa = PBXFileReference; lastKnownFileType = text.plist.xml; path = Info.plist; sourceTree = "<group>"; };
		3CB0A34E19A48149001FEA73 /* SharingBrowserTests.swift */ = {isa = PBXFileReference; lastKnownFileType = sourcecode.swift; path = SharingBrowserTests.swift; sourceTree = "<group>"; };
		3CB0A35819A48251001FEA73 /* SharedPoint.swift */ = {isa = PBXFileReference; fileEncoding = 4; lastKnownFileType = sourcecode.swift; path = SharedPoint.swift; sourceTree = "<group>"; };
		3CB0A35A19A48C2F001FEA73 /* SharedBrowser.swift */ = {isa = PBXFileReference; fileEncoding = 4; lastKnownFileType = sourcecode.swift; path = SharedBrowser.swift; sourceTree = "<group>"; };
/* End PBXFileReference section */

/* Begin PBXFrameworksBuildPhase section */
		3CB0A33319A48148001FEA73 /* Frameworks */ = {
			isa = PBXFrameworksBuildPhase;
			buildActionMask = 2147483647;
			files = (
			);
			runOnlyForDeploymentPostprocessing = 0;
		};
		3CB0A34519A48149001FEA73 /* Frameworks */ = {
			isa = PBXFrameworksBuildPhase;
			buildActionMask = 2147483647;
			files = (
			);
			runOnlyForDeploymentPostprocessing = 0;
		};
/* End PBXFrameworksBuildPhase section */

/* Begin PBXGroup section */
		3CB0A32D19A48148001FEA73 = {
			isa = PBXGroup;
			children = (
				3CB0A33819A48148001FEA73 /* SharingBrowser */,
				3CB0A34B19A48149001FEA73 /* SharingBrowserTests */,
				3CB0A33719A48148001FEA73 /* Products */,
			);
			sourceTree = "<group>";
		};
		3CB0A33719A48148001FEA73 /* Products */ = {
			isa = PBXGroup;
			children = (
				3CB0A33619A48148001FEA73 /* SharingBrowser.app */,
				3CB0A34819A48149001FEA73 /* SharingBrowserTests.xctest */,
			);
			name = Products;
			sourceTree = "<group>";
		};
		3CB0A33819A48148001FEA73 /* SharingBrowser */ = {
			isa = PBXGroup;
			children = (
				3CB0A33D19A48148001FEA73 /* AppDelegate.swift */,
				3CB0A35819A48251001FEA73 /* SharedPoint.swift */,
				3CB0A35A19A48C2F001FEA73 /* SharedBrowser.swift */,
				3CB0A33F19A48148001FEA73 /* Images.xcassets */,
				3CB0A34119A48149001FEA73 /* MainMenu.xib */,
				3CB0A33919A48148001FEA73 /* Supporting Files */,
			);
			path = SharingBrowser;
			sourceTree = "<group>";
		};
		3CB0A33919A48148001FEA73 /* Supporting Files */ = {
			isa = PBXGroup;
			children = (
				3CB0A33A19A48148001FEA73 /* Info.plist */,
				3CB0A33B19A48148001FEA73 /* main.swift */,
			);
			name = "Supporting Files";
			sourceTree = "<group>";
		};
		3CB0A34B19A48149001FEA73 /* SharingBrowserTests */ = {
			isa = PBXGroup;
			children = (
				3CB0A34E19A48149001FEA73 /* SharingBrowserTests.swift */,
				3CB0A34C19A48149001FEA73 /* Supporting Files */,
			);
			path = SharingBrowserTests;
			sourceTree = "<group>";
		};
		3CB0A34C19A48149001FEA73 /* Supporting Files */ = {
			isa = PBXGroup;
			children = (
				3CB0A34D19A48149001FEA73 /* Info.plist */,
			);
			name = "Supporting Files";
			sourceTree = "<group>";
		};
/* End PBXGroup section */

/* Begin PBXNativeTarget section */
		3CB0A33519A48148001FEA73 /* SharingBrowser */ = {
			isa = PBXNativeTarget;
			buildConfigurationList = 3CB0A35219A48149001FEA73 /* Build configuration list for PBXNativeTarget "SharingBrowser" */;
			buildPhases = (
				3CB0A33219A48148001FEA73 /* Sources */,
				3CB0A33319A48148001FEA73 /* Frameworks */,
				3CB0A33419A48148001FEA73 /* Resources */,
			);
			buildRules = (
			);
			dependencies = (
			);
			name = SharingBrowser;
			productName = SharingBrowser;
			productReference = 3CB0A33619A48148001FEA73 /* SharingBrowser.app */;
			productType = "com.apple.product-type.application";
		};
		3CB0A34719A48149001FEA73 /* SharingBrowserTests */ = {
			isa = PBXNativeTarget;
			buildConfigurationList = 3CB0A35519A48149001FEA73 /* Build configuration list for PBXNativeTarget "SharingBrowserTests" */;
			buildPhases = (
				3CB0A34419A48149001FEA73 /* Sources */,
				3CB0A34519A48149001FEA73 /* Frameworks */,
				3CB0A34619A48149001FEA73 /* Resources */,
			);
			buildRules = (
			);
			dependencies = (
				3CB0A34A19A48149001FEA73 /* PBXTargetDependency */,
			);
			name = SharingBrowserTests;
			productName = SharingBrowserTests;
			productReference = 3CB0A34819A48149001FEA73 /* SharingBrowserTests.xctest */;
			productType = "com.apple.product-type.bundle.unit-test";
		};
/* End PBXNativeTarget section */

/* Begin PBXProject section */
		3CB0A32E19A48148001FEA73 /* Project object */ = {
			isa = PBXProject;
			attributes = {
				LastSwiftMigration = 0730;
				LastSwiftUpdateCheck = 0730;
				LastUpgradeCheck = 0600;
				TargetAttributes = {
					3CB0A33519A48148001FEA73 = {
						CreatedOnToolsVersion = 6.0;
					};
					3CB0A34719A48149001FEA73 = {
						CreatedOnToolsVersion = 6.0;
						TestTargetID = 3CB0A33519A48148001FEA73;
					};
				};
			};
			buildConfigurationList = 3CB0A33119A48148001FEA73 /* Build configuration list for PBXProject "SharingBrowser" */;
			compatibilityVersion = "Xcode 3.2";
			developmentRegion = English;
			hasScannedForEncodings = 0;
			knownRegions = (
				en,
				Base,
			);
			mainGroup = 3CB0A32D19A48148001FEA73;
			productRefGroup = 3CB0A33719A48148001FEA73 /* Products */;
			projectDirPath = "";
			projectRoot = "";
			targets = (
				3CB0A33519A48148001FEA73 /* SharingBrowser */,
				3CB0A34719A48149001FEA73 /* SharingBrowserTests */,
			);
		};
/* End PBXProject section */

/* Begin PBXResourcesBuildPhase section */
		3CB0A33419A48148001FEA73 /* Resources */ = {
			isa = PBXResourcesBuildPhase;
			buildActionMask = 2147483647;
			files = (
				3CB0A34019A48148001FEA73 /* Images.xcassets in Resources */,
				3CB0A34319A48149001FEA73 /* MainMenu.xib in Resources */,
			);
			runOnlyForDeploymentPostprocessing = 0;
		};
		3CB0A34619A48149001FEA73 /* Resources */ = {
			isa = PBXResourcesBuildPhase;
			buildActionMask = 2147483647;
			files = (
			);
			runOnlyForDeploymentPostprocessing = 0;
		};
/* End PBXResourcesBuildPhase section */

/* Begin PBXSourcesBuildPhase section */
		3CB0A33219A48148001FEA73 /* Sources */ = {
			isa = PBXSourcesBuildPhase;
			buildActionMask = 2147483647;
			files = (
				3CB0A33E19A48148001FEA73 /* AppDelegate.swift in Sources */,
				3CB0A35B19A48C2F001FEA73 /* SharedBrowser.swift in Sources */,
				3CB0A33C19A48148001FEA73 /* main.swift in Sources */,
				3CB0A35919A48251001FEA73 /* SharedPoint.swift in Sources */,
			);
			runOnlyForDeploymentPostprocessing = 0;
		};
		3CB0A34419A48149001FEA73 /* Sources */ = {
			isa = PBXSourcesBuildPhase;
			buildActionMask = 2147483647;
			files = (
				3CB0A34F19A48149001FEA73 /* SharingBrowserTests.swift in Sources */,
			);
			runOnlyForDeploymentPostprocessing = 0;
		};
/* End PBXSourcesBuildPhase section */

/* Begin PBXTargetDependency section */
		3CB0A34A19A48149001FEA73 /* PBXTargetDependency */ = {
			isa = PBXTargetDependency;
			target = 3CB0A33519A48148001FEA73 /* SharingBrowser */;
			targetProxy = 3CB0A34919A48149001FEA73 /* PBXContainerItemProxy */;
		};
/* End PBXTargetDependency section */

/* Begin PBXVariantGroup section */
		3CB0A34119A48149001FEA73 /* MainMenu.xib */ = {
			isa = PBXVariantGroup;
			children = (
				3CB0A34219A48149001FEA73 /* Base */,
			);
			name = MainMenu.xib;
			sourceTree = "<group>";
		};
/* End PBXVariantGroup section */

/* Begin XCBuildConfiguration section */
		3CB0A35019A48149001FEA73 /* Debug */ = {
			isa = XCBuildConfiguration;
			buildSettings = {
				ALWAYS_SEARCH_USER_PATHS = NO;
				CLANG_CXX_LANGUAGE_STANDARD = "gnu++0x";
				CLANG_CXX_LIBRARY = "libc++";
				CLANG_ENABLE_MODULES = YES;
				CLANG_ENABLE_OBJC_ARC = YES;
				CLANG_WARN_BOOL_CONVERSION = YES;
				CLANG_WARN_CONSTANT_CONVERSION = YES;
				CLANG_WARN_DIRECT_OBJC_ISA_USAGE = YES_ERROR;
				CLANG_WARN_EMPTY_BODY = YES;
				CLANG_WARN_ENUM_CONVERSION = YES;
				CLANG_WARN_INT_CONVERSION = YES;
				CLANG_WARN_OBJC_ROOT_CLASS = YES_ERROR;
				CLANG_WARN_UNREACHABLE_CODE = YES;
				CLANG_WARN__DUPLICATE_METHOD_MATCH = YES;
				CODE_SIGN_IDENTITY = "-";
				COPY_PHASE_STRIP = NO;
				ENABLE_STRICT_OBJC_MSGSEND = YES;
				GCC_C_LANGUAGE_STANDARD = gnu99;
				GCC_DYNAMIC_NO_PIC = NO;
				GCC_OPTIMIZATION_LEVEL = 0;
				GCC_PREPROCESSOR_DEFINITIONS = (
					"DEBUG=1",
					"$(inherited)",
				);
				GCC_SYMBOLS_PRIVATE_EXTERN = NO;
				GCC_WARN_64_TO_32_BIT_CONVERSION = YES;
				GCC_WARN_ABOUT_RETURN_TYPE = YES_ERROR;
				GCC_WARN_UNDECLARED_SELECTOR = YES;
				GCC_WARN_UNINITIALIZED_AUTOS = YES_AGGRESSIVE;
				GCC_WARN_UNUSED_FUNCTION = YES;
				GCC_WARN_UNUSED_VARIABLE = YES;
				MACOSX_DEPLOYMENT_TARGET = 10.9;
				MTL_ENABLE_DEBUG_INFO = YES;
				ONLY_ACTIVE_ARCH = YES;
				SDKROOT = macosx;
				SWIFT_OPTIMIZATION_LEVEL = "-Onone";
			};
			name = Debug;
		};
		3CB0A35119A48149001FEA73 /* Release */ = {
			isa = XCBuildConfiguration;
			buildSettings = {
				ALWAYS_SEARCH_USER_PATHS = NO;
				CLANG_CXX_LANGUAGE_STANDARD = "gnu++0x";
				CLANG_CXX_LIBRARY = "libc++";
				CLANG_ENABLE_MODULES = YES;
				CLANG_ENABLE_OBJC_ARC = YES;
				CLANG_WARN_BOOL_CONVERSION = YES;
				CLANG_WARN_CONSTANT_CONVERSION = YES;
				CLANG_WARN_DIRECT_OBJC_ISA_USAGE = YES_ERROR;
				CLANG_WARN_EMPTY_BODY = YES;
				CLANG_WARN_ENUM_CONVERSION = YES;
				CLANG_WARN_INT_CONVERSION = YES;
				CLANG_WARN_OBJC_ROOT_CLASS = YES_ERROR;
				CLANG_WARN_UNREACHABLE_CODE = YES;
				CLANG_WARN__DUPLICATE_METHOD_MATCH = YES;
				CODE_SIGN_IDENTITY = "-";
				COPY_PHASE_STRIP = YES;
				DEBUG_INFORMATION_FORMAT = "dwarf-with-dsym";
				ENABLE_NS_ASSERTIONS = NO;
				ENABLE_STRICT_OBJC_MSGSEND = YES;
				GCC_C_LANGUAGE_STANDARD = gnu99;
				GCC_WARN_64_TO_32_BIT_CONVERSION = YES;
				GCC_WARN_ABOUT_RETURN_TYPE = YES_ERROR;
				GCC_WARN_UNDECLARED_SELECTOR = YES;
				GCC_WARN_UNINITIALIZED_AUTOS = YES_AGGRESSIVE;
				GCC_WARN_UNUSED_FUNCTION = YES;
				GCC_WARN_UNUSED_VARIABLE = YES;
				MACOSX_DEPLOYMENT_TARGET = 10.9;
				MTL_ENABLE_DEBUG_INFO = NO;
				SDKROOT = macosx;
			};
			name = Release;
		};
		3CB0A35319A48149001FEA73 /* Debug */ = {
			isa = XCBuildConfiguration;
			buildSettings = {
				ASSETCATALOG_COMPILER_APPICON_NAME = AppIcon;
				COMBINE_HIDPI_IMAGES = YES;
				INFOPLIST_FILE = SharingBrowser/Info.plist;
				LD_RUNPATH_SEARCH_PATHS = "$(inherited) @executable_path/../Frameworks";
				PRODUCT_NAME = "$(TARGET_NAME)";
			};
			name = Debug;
		};
		3CB0A35419A48149001FEA73 /* Release */ = {
			isa = XCBuildConfiguration;
			buildSettings = {
				ASSETCATALOG_COMPILER_APPICON_NAME = AppIcon;
				COMBINE_HIDPI_IMAGES = YES;
				INFOPLIST_FILE = SharingBrowser/Info.plist;
				LD_RUNPATH_SEARCH_PATHS = "$(inherited) @executable_path/../Frameworks";
				PRODUCT_NAME = "$(TARGET_NAME)";
			};
			name = Release;
		};
		3CB0A35619A48149001FEA73 /* Debug */ = {
			isa = XCBuildConfiguration;
			buildSettings = {
				BUNDLE_LOADER = "$(TEST_HOST)";
				COMBINE_HIDPI_IMAGES = YES;
				FRAMEWORK_SEARCH_PATHS = (
					"$(DEVELOPER_FRAMEWORKS_DIR)",
					"$(inherited)",
				);
				GCC_PREPROCESSOR_DEFINITIONS = (
					"DEBUG=1",
					"$(inherited)",
				);
				INFOPLIST_FILE = SharingBrowserTests/Info.plist;
				LD_RUNPATH_SEARCH_PATHS = "$(inherited) @executable_path/../Frameworks @loader_path/../Frameworks";
				PRODUCT_NAME = "$(TARGET_NAME)";
				TEST_HOST = "$(BUILT_PRODUCTS_DIR)/SharingBrowser.app/Contents/MacOS/SharingBrowser";
			};
			name = Debug;
		};
		3CB0A35719A48149001FEA73 /* Release */ = {
			isa = XCBuildConfiguration;
			buildSettings = {
				BUNDLE_LOADER = "$(TEST_HOST)";
				COMBINE_HIDPI_IMAGES = YES;
				FRAMEWORK_SEARCH_PATHS = (
					"$(DEVELOPER_FRAMEWORKS_DIR)",
					"$(inherited)",
				);
				INFOPLIST_FILE = SharingBrowserTests/Info.plist;
				LD_RUNPATH_SEARCH_PATHS = "$(inherited) @executable_path/../Frameworks @loader_path/../Frameworks";
				PRODUCT_NAME = "$(TARGET_NAME)";
				TEST_HOST = "$(BUILT_PRODUCTS_DIR)/SharingBrowser.app/Contents/MacOS/SharingBrowser";
			};
			name = Release;
		};
/* End XCBuildConfiguration section */

/* Begin XCConfigurationList section */
		3CB0A33119A48148001FEA73 /* Build configuration list for PBXProject "SharingBrowser" */ = {
			isa = XCConfigurationList;
			buildConfigurations = (
				3CB0A35019A48149001FEA73 /* Debug */,
				3CB0A35119A48149001FEA73 /* Release */,
			);
			defaultConfigurationIsVisible = 0;
			defaultConfigurationName = Release;
		};
		3CB0A35219A48149001FEA73 /* Build configuration list for PBXNativeTarget "SharingBrowser" */ = {
			isa = XCConfigurationList;
			buildConfigurations = (
				3CB0A35319A48149001FEA73 /* Debug */,
				3CB0A35419A48149001FEA73 /* Release */,
			);
			defaultConfigurationIsVisible = 0;
			defaultConfigurationName = Release;
		};
		3CB0A35519A48149001FEA73 /* Build configuration list for PBXNativeTarget "SharingBrowserTests" */ = {
			isa = XCConfigurationList;
			buildConfigurations = (
				3CB0A35619A48149001FEA73 /* Debug */,
				3CB0A35719A48149001FEA73 /* Release */,
			);
			defaultConfigurationIsVisible = 0;
			defaultConfigurationName = Release;
		};
/* End XCConfigurationList section */
	};
	rootObject = 3CB0A32E19A48148001FEA73 /* Project object */;
}
